
Microsoft Visual Studio Solution File, Format Version 12.00
# Visual Studio Version 17
VisualStudioVersion = 17.0.32112.339
MinimumVisualStudioVersion = 10.0.40219.1
Project("{8BC9CEB8-8B4A-11D0-8D11-00A0C91BC942}") = "bubblesort", "bubblesort\bubblesort.vcxproj", "{0FEB6807-507D-4552-A176-EE50E490B11E}"
EndProject
Global
	GlobalSection(SolutionConfigurationPlatforms) = preSolution
		Debug|x64 = Debug|x64
		Debug|x86 = Debug|x86
		Release|x64 = Release|x64
		Release|x86 = Release|x86
	EndGlobalSection
	GlobalSection(ProjectConfigurationPlatforms) = postSolution
		{0FEB6807-507D-4552-A176-EE50E490B11E}.Debug|x64.ActiveCfg = Debug|x64
		{0FEB6807-507D-4552-A176-EE50E490B11E}.Debug|x64.Build.0 = Debug|x64
		{0FEB6807-507D-4552-A176-EE50E490B11E}.Debug|x86.ActiveCfg = Debug|Win32
		{0FEB6807-507D-4552-A176-EE50E490B11E}.Debug|x86.Build.0 = Debug|Win32
		{0FEB6807-507D-4552-A176-EE50E490B11E}.Release|x64.ActiveCfg = Release|x64
		{0FEB6807-507D-4552-A176-EE50E490B11E}.Release|x64.Build.0 = Release|x64
		{0FEB6807-507D-4552-A176-EE50E490B11E}.Release|x86.ActiveCfg = Release|Win32
		{0FEB6807-507D-4552-A176-EE50E490B11E}.Release|x86.Build.0 = Release|Win32
	EndGlobalSection
	GlobalSection(SolutionProperties) = preSolution
		HideSolutionNode = FALSE
	EndGlobalSection
	GlobalSection(ExtensibilityGlobals) = postSolution
		SolutionGuid = {19AB8AB4-F0F1-4F92-AA62-FD1D799CAE0A}
	EndGlobalSection
EndGlobal
