
Microsoft Visual Studio Solution File, Format Version 12.00
# Visual Studio Version 17
VisualStudioVersion = 17.0.32126.317
MinimumVisualStudioVersion = 10.0.40219.1
Project("{8BC9CEB8-8B4A-11D0-8D11-00A0C91BC942}") = "5.14lianxi", "5.14lianxi\5.14lianxi.vcxproj", "{F44D55A7-ED87-49E8-90AF-0C1C74852574}"
EndProject
Global
	GlobalSection(SolutionConfigurationPlatforms) = preSolution
		Debug|x64 = Debug|x64
		Debug|x86 = Debug|x86
		Release|x64 = Release|x64
		Release|x86 = Release|x86
	EndGlobalSection
	GlobalSection(ProjectConfigurationPlatforms) = postSolution
		{F44D55A7-ED87-49E8-90AF-0C1C74852574}.Debug|x64.ActiveCfg = Debug|x64
		{F44D55A7-ED87-49E8-90AF-0C1C74852574}.Debug|x64.Build.0 = Debug|x64
		{F44D55A7-ED87-49E8-90AF-0C1C74852574}.Debug|x86.ActiveCfg = Debug|Win32
		{F44D55A7-ED87-49E8-90AF-0C1C74852574}.Debug|x86.Build.0 = Debug|Win32
		{F44D55A7-ED87-49E8-90AF-0C1C74852574}.Release|x64.ActiveCfg = Release|x64
		{F44D55A7-ED87-49E8-90AF-0C1C74852574}.Release|x64.Build.0 = Release|x64
		{F44D55A7-ED87-49E8-90AF-0C1C74852574}.Release|x86.ActiveCfg = Release|Win32
		{F44D55A7-ED87-49E8-90AF-0C1C74852574}.Release|x86.Build.0 = Release|Win32
	EndGlobalSection
	GlobalSection(SolutionProperties) = preSolution
		HideSolutionNode = FALSE
	EndGlobalSection
	GlobalSection(ExtensibilityGlobals) = postSolution
		SolutionGuid = {00D3DB99-FEF5-49CC-AB59-AE9C355F016E}
	EndGlobalSection
EndGlobal
